// !$*UTF8*$!
{
	archiveVersion = 1;
	classes = {
	};
	objectVersion = 46;
	objects = {

/* Begin PBXBuildFile section */
		B16FFEAA1E858AAB00D25F6B /* AppDelegate.swift in Sources */ = {isa = PBXBuildFile; fileRef = B16FFEA91E858AAB00D25F6B /* AppDelegate.swift */; };
		B16FFEAC1E858AAB00D25F6B /* ViewController.swift in Sources */ = {isa = PBXBuildFile; fileRef = B16FFEAB1E858AAB00D25F6B /* ViewController.swift */; };
		B16FFEAF1E858AAB00D25F6B /* Main.storyboard in Resources */ = {isa = PBXBuildFile; fileRef = B16FFEAD1E858AAB00D25F6B /* Main.storyboard */; };
		B16FFEB11E858AAB00D25F6B /* Assets.xcassets in Resources */ = {isa = PBXBuildFile; fileRef = B16FFEB01E858AAB00D25F6B /* Assets.xcassets */; };
		B16FFEB41E858AAB00D25F6B /* LaunchScreen.storyboard in Resources */ = {isa = PBXBuildFile; fileRef = B16FFEB21E858AAB00D25F6B /* LaunchScreen.storyboard */; };
		B16FFEBF1E858AAB00D25F6B /* FukadakyokoTests.swift in Sources */ = {isa = PBXBuildFile; fileRef = B16FFEBE1E858AAB00D25F6B /* FukadakyokoTests.swift */; };
		B16FFECA1E858AAB00D25F6B /* FukadakyokoUITests.swift in Sources */ = {isa = PBXBuildFile; fileRef = B16FFEC91E858AAB00D25F6B /* FukadakyokoUITests.swift */; };
		B16FFED91E859C2200D25F6B /* Photos.framework in Frameworks */ = {isa = PBXBuildFile; fileRef = B16FFED81E859C2200D25F6B /* Photos.framework */; };
/* End PBXBuildFile section */

/* Begin PBXContainerItemProxy section */
		B16FFEBB1E858AAB00D25F6B /* PBXContainerItemProxy */ = {
			isa = PBXContainerItemProxy;
			containerPortal = B16FFE9E1E858AAB00D25F6B /* Project object */;
			proxyType = 1;
			remoteGlobalIDString = B16FFEA51E858AAB00D25F6B;
			remoteInfo = Fukadakyoko;
		};
		B16FFEC61E858AAB00D25F6B /* PBXContainerItemProxy */ = {
			isa = PBXContainerItemProxy;
			containerPortal = B16FFE9E1E858AAB00D25F6B /* Project object */;
			proxyType = 1;
			remoteGlobalIDString = B16FFEA51E858AAB00D25F6B;
			remoteInfo = Fukadakyoko;
		};
/* End PBXContainerItemProxy section */

/* Begin PBXFileReference section */
		B16FFEA61E858AAB00D25F6B /* Fukadakyoko.app */ = {isa = PBXFileReference; explicitFileType = wrapper.application; includeInIndex = 0; path = Fukadakyoko.app; sourceTree = BUILT_PRODUCTS_DIR; };
		B16FFEA91E858AAB00D25F6B /* AppDelegate.swift */ = {isa = PBXFileReference; lastKnownFileType = sourcecode.swift; path = AppDelegate.swift; sourceTree = "<group>"; };
		B16FFEAB1E858AAB00D25F6B /* ViewController.swift */ = {isa = PBXFileReference; lastKnownFileType = sourcecode.swift; path = ViewController.swift; sourceTree = "<group>"; };
		B16FFEAE1E858AAB00D25F6B /* Base */ = {isa = PBXFileReference; lastKnownFileType = file.storyboard; name = Base; path = Base.lproj/Main.storyboard; sourceTree = "<group>"; };
		B16FFEB01E858AAB00D25F6B /* Assets.xcassets */ = {isa = PBXFileReference; lastKnownFileType = folder.assetcatalog; path = Assets.xcassets; sourceTree = "<group>"; };
		B16FFEB31E858AAB00D25F6B /* Base */ = {isa = PBXFileReference; lastKnownFileType = file.storyboard; name = Base; path = Base.lproj/LaunchScreen.storyboard; sourceTree = "<group>"; };
		B16FFEB51E858AAB00D25F6B /* Info.plist */ = {isa = PBXFileReference; lastKnownFileType = text.plist.xml; path = Info.plist; sourceTree = "<group>"; };
		B16FFEBA1E858AAB00D25F6B /* FukadakyokoTests.xctest */ = {isa = PBXFileReference; explicitFileType = wrapper.cfbundle; includeInIndex = 0; path = FukadakyokoTests.xctest; sourceTree = BUILT_PRODUCTS_DIR; };
		B16FFEBE1E858AAB00D25F6B /* FukadakyokoTests.swift */ = {isa = PBXFileReference; lastKnownFileType = sourcecode.swift; path = FukadakyokoTests.swift; sourceTree = "<group>"; };
		B16FFEC01E858AAB00D25F6B /* Info.plist */ = {isa = PBXFileReference; lastKnownFileType = text.plist.xml; path = Info.plist; sourceTree = "<group>"; };
		B16FFEC51E858AAB00D25F6B /* FukadakyokoUITests.xctest */ = {isa = PBXFileReference; explicitFileType = wrapper.cfbundle; includeInIndex = 0; path = FukadakyokoUITests.xctest; sourceTree = BUILT_PRODUCTS_DIR; };
		B16FFEC91E858AAB00D25F6B /* FukadakyokoUITests.swift */ = {isa = PBXFileReference; lastKnownFileType = sourcecode.swift; path = FukadakyokoUITests.swift; sourceTree = "<group>"; };
		B16FFECB1E858AAB00D25F6B /* Info.plist */ = {isa = PBXFileReference; lastKnownFileType = text.plist.xml; path = Info.plist; sourceTree = "<group>"; };
		B16FFED81E859C2200D25F6B /* Photos.framework */ = {isa = PBXFileReference; lastKnownFileType = wrapper.framework; name = Photos.framework; path = System/Library/Frameworks/Photos.framework; sourceTree = SDKROOT; };
/* End PBXFileReference section */

/* Begin PBXFrameworksBuildPhase section */
		B16FFEA31E858AAB00D25F6B /* Frameworks */ = {
			isa = PBXFrameworksBuildPhase;
			buildActionMask = 2147483647;
			files = (
				B16FFED91E859C2200D25F6B /* Photos.framework in Frameworks */,
			);
			runOnlyForDeploymentPostprocessing = 0;
		};
		B16FFEB71E858AAB00D25F6B /* Frameworks */ = {
			isa = PBXFrameworksBuildPhase;
			buildActionMask = 2147483647;
			files = (
			);
			runOnlyForDeploymentPostprocessing = 0;
		};
		B16FFEC21E858AAB00D25F6B /* Frameworks */ = {
			isa = PBXFrameworksBuildPhase;
			buildActionMask = 2147483647;
			files = (
			);
			runOnlyForDeploymentPostprocessing = 0;
		};
/* End PBXFrameworksBuildPhase section */

/* Begin PBXGroup section */
		B16FFE9D1E858AAA00D25F6B = {
			isa = PBXGroup;
			children = (
				B16FFEA81E858AAB00D25F6B /* Fukadakyoko */,
				B16FFEBD1E858AAB00D25F6B /* FukadakyokoTests */,
				B16FFEC81E858AAB00D25F6B /* FukadakyokoUITests */,
				B16FFEA71E858AAB00D25F6B /* Products */,
				B16FFED71E859C2200D25F6B /* Frameworks */,
			);
			sourceTree = "<group>";
		};
		B16FFEA71E858AAB00D25F6B /* Products */ = {
			isa = PBXGroup;
			children = (
				B16FFEA61E858AAB00D25F6B /* Fukadakyoko.app */,
				B16FFEBA1E858AAB00D25F6B /* FukadakyokoTests.xctest */,
				B16FFEC51E858AAB00D25F6B /* FukadakyokoUITests.xctest */,
			);
			name = Products;
			sourceTree = "<group>";
		};
		B16FFEA81E858AAB00D25F6B /* Fukadakyoko */ = {
			isa = PBXGroup;
			children = (
				B16FFEA91E858AAB00D25F6B /* AppDelegate.swift */,
				B16FFEAB1E858AAB00D25F6B /* ViewController.swift */,
				B16FFEAD1E858AAB00D25F6B /* Main.storyboard */,
				B16FFEB01E858AAB00D25F6B /* Assets.xcassets */,
				B16FFEB21E858AAB00D25F6B /* LaunchScreen.storyboard */,
				B16FFEB51E858AAB00D25F6B /* Info.plist */,
			);
			path = Fukadakyoko;
			sourceTree = "<group>";
		};
		B16FFEBD1E858AAB00D25F6B /* FukadakyokoTests */ = {
			isa = PBXGroup;
			children = (
				B16FFEBE1E858AAB00D25F6B /* FukadakyokoTests.swift */,
				B16FFEC01E858AAB00D25F6B /* Info.plist */,
			);
			path = FukadakyokoTests;
			sourceTree = "<group>";
		};
		B16FFEC81E858AAB00D25F6B /* FukadakyokoUITests */ = {
			isa = PBXGroup;
			children = (
				B16FFEC91E858AAB00D25F6B /* FukadakyokoUITests.swift */,
				B16FFECB1E858AAB00D25F6B /* Info.plist */,
			);
			path = FukadakyokoUITests;
			sourceTree = "<group>";
		};
		B16FFED71E859C2200D25F6B /* Frameworks */ = {
			isa = PBXGroup;
			children = (
				B16FFED81E859C2200D25F6B /* Photos.framework */,
			);
			name = Frameworks;
			sourceTree = "<group>";
		};
/* End PBXGroup section */

/* Begin PBXNativeTarget section */
		B16FFEA51E858AAB00D25F6B /* Fukadakyoko */ = {
			isa = PBXNativeTarget;
			buildConfigurationList = B16FFECE1E858AAB00D25F6B /* Build configuration list for PBXNativeTarget "Fukadakyoko" */;
			buildPhases = (
				B16FFEA21E858AAB00D25F6B /* Sources */,
				B16FFEA31E858AAB00D25F6B /* Frameworks */,
				B16FFEA41E858AAB00D25F6B /* Resources */,
			);
			buildRules = (
			);
			dependencies = (
			);
			name = Fukadakyoko;
			productName = Fukadakyoko;
			productReference = B16FFEA61E858AAB00D25F6B /* Fukadakyoko.app */;
			productType = "com.apple.product-type.application";
		};
		B16FFEB91E858AAB00D25F6B /* FukadakyokoTests */ = {
			isa = PBXNativeTarget;
			buildConfigurationList = B16FFED11E858AAB00D25F6B /* Build configuration list for PBXNativeTarget "FukadakyokoTests" */;
			buildPhases = (
				B16FFEB61E858AAB00D25F6B /* Sources */,
				B16FFEB71E858AAB00D25F6B /* Frameworks */,
				B16FFEB81E858AAB00D25F6B /* Resources */,
			);
			buildRules = (
			);
			dependencies = (
				B16FFEBC1E858AAB00D25F6B /* PBXTargetDependency */,
			);
			name = FukadakyokoTests;
			productName = FukadakyokoTests;
			productReference = B16FFEBA1E858AAB00D25F6B /* FukadakyokoTests.xctest */;
			productType = "com.apple.product-type.bundle.unit-test";
		};
		B16FFEC41E858AAB00D25F6B /* FukadakyokoUITests */ = {
			isa = PBXNativeTarget;
			buildConfigurationList = B16FFED41E858AAB00D25F6B /* Build configuration list for PBXNativeTarget "FukadakyokoUITests" */;
			buildPhases = (
				B16FFEC11E858AAB00D25F6B /* Sources */,
				B16FFEC21E858AAB00D25F6B /* Frameworks */,
				B16FFEC31E858AAB00D25F6B /* Resources */,
			);
			buildRules = (
			);
			dependencies = (
				B16FFEC71E858AAB00D25F6B /* PBXTargetDependency */,
			);
			name = FukadakyokoUITests;
			productName = FukadakyokoUITests;
			productReference = B16FFEC51E858AAB00D25F6B /* FukadakyokoUITests.xctest */;
			productType = "com.apple.product-type.bundle.ui-testing";
		};
/* End PBXNativeTarget section */

/* Begin PBXProject section */
		B16FFE9E1E858AAB00D25F6B /* Project object */ = {
			isa = PBXProject;
			attributes = {
				LastSwiftUpdateCheck = 0820;
				LastUpgradeCheck = 0820;
				ORGANIZATIONNAME = ucuc;
				TargetAttributes = {
					B16FFEA51E858AAB00D25F6B = {
						CreatedOnToolsVersion = 8.2.1;
						DevelopmentTeam = XN53282Y27;
						ProvisioningStyle = Automatic;
					};
					B16FFEB91E858AAB00D25F6B = {
						CreatedOnToolsVersion = 8.2.1;
						ProvisioningStyle = Automatic;
						TestTargetID = B16FFEA51E858AAB00D25F6B;
					};
					B16FFEC41E858AAB00D25F6B = {
						CreatedOnToolsVersion = 8.2.1;
						ProvisioningStyle = Automatic;
						TestTargetID = B16FFEA51E858AAB00D25F6B;
					};
				};
			};
			buildConfigurationList = B16FFEA11E858AAB00D25F6B /* Build configuration list for PBXProject "Fukadakyoko" */;
			compatibilityVersion = "Xcode 3.2";
			developmentRegion = English;
			hasScannedForEncodings = 0;
			knownRegions = (
				en,
				Base,
			);
			mainGroup = B16FFE9D1E858AAA00D25F6B;
			productRefGroup = B16FFEA71E858AAB00D25F6B /* Products */;
			projectDirPath = "";
			projectRoot = "";
			targets = (
				B16FFEA51E858AAB00D25F6B /* Fukadakyoko */,
				B16FFEB91E858AAB00D25F6B /* FukadakyokoTests */,
				B16FFEC41E858AAB00D25F6B /* FukadakyokoUITests */,
			);
		};
/* End PBXProject section */

/* Begin PBXResourcesBuildPhase section */
		B16FFEA41E858AAB00D25F6B /* Resources */ = {
			isa = PBXResourcesBuildPhase;
			buildActionMask = 2147483647;
			files = (
				B16FFEB41E858AAB00D25F6B /* LaunchScreen.storyboard in Resources */,
				B16FFEB11E858AAB00D25F6B /* Assets.xcassets in Resources */,
				B16FFEAF1E858AAB00D25F6B /* Main.storyboard in Resources */,
			);
			runOnlyForDeploymentPostprocessing = 0;
		};
		B16FFEB81E858AAB00D25F6B /* Resources */ = {
			isa = PBXResourcesBuildPhase;
			buildActionMask = 2147483647;
			files = (
			);
			runOnlyForDeploymentPostprocessing = 0;
		};
		B16FFEC31E858AAB00D25F6B /* Resources */ = {
			isa = PBXResourcesBuildPhase;
			buildActionMask = 2147483647;
			files = (
			);
			runOnlyForDeploymentPostprocessing = 0;
		};
/* End PBXResourcesBuildPhase section */

/* Begin PBXSourcesBuildPhase section */
		B16FFEA21E858AAB00D25F6B /* Sources */ = {
			isa = PBXSourcesBuildPhase;
			buildActionMask = 2147483647;
			files = (
				B16FFEAC1E858AAB00D25F6B /* ViewController.swift in Sources */,
				B16FFEAA1E858AAB00D25F6B /* AppDelegate.swift in Sources */,
			);
			runOnlyForDeploymentPostprocessing = 0;
		};
		B16FFEB61E858AAB00D25F6B /* Sources */ = {
			isa = PBXSourcesBuildPhase;
			buildActionMask = 2147483647;
			files = (
				B16FFEBF1E858AAB00D25F6B /* FukadakyokoTests.swift in Sources */,
			);
			runOnlyForDeploymentPostprocessing = 0;
		};
		B16FFEC11E858AAB00D25F6B /* Sources */ = {
			isa = PBXSourcesBuildPhase;
			buildActionMask = 2147483647;
			files = (
				B16FFECA1E858AAB00D25F6B /* FukadakyokoUITests.swift in Sources */,
			);
			runOnlyForDeploymentPostprocessing = 0;
		};
/* End PBXSourcesBuildPhase section */

/* Begin PBXTargetDependency section */
		B16FFEBC1E858AAB00D25F6B /* PBXTargetDependency */ = {
			isa = PBXTargetDependency;
			target = B16FFEA51E858AAB00D25F6B /* Fukadakyoko */;
			targetProxy = B16FFEBB1E858AAB00D25F6B /* PBXContainerItemProxy */;
		};
		B16FFEC71E858AAB00D25F6B /* PBXTargetDependency */ = {
			isa = PBXTargetDependency;
			target = B16FFEA51E858AAB00D25F6B /* Fukadakyoko */;
			targetProxy = B16FFEC61E858AAB00D25F6B /* PBXContainerItemProxy */;
		};
/* End PBXTargetDependency section */

/* Begin PBXVariantGroup section */
		B16FFEAD1E858AAB00D25F6B /* Main.storyboard */ = {
			isa = PBXVariantGroup;
			children = (
				B16FFEAE1E858AAB00D25F6B /* Base */,
			);
			name = Main.storyboard;
			sourceTree = "<group>";
		};
		B16FFEB21E858AAB00D25F6B /* LaunchScreen.storyboard */ = {
			isa = PBXVariantGroup;
			children = (
				B16FFEB31E858AAB00D25F6B /* Base */,
			);
			name = LaunchScreen.storyboard;
			sourceTree = "<group>";
		};
/* End PBXVariantGroup section */

/* Begin XCBuildConfiguration section */
		B16FFECC1E858AAB00D25F6B /* Debug */ = {
			isa = XCBuildConfiguration;
			buildSettings = {
				ALWAYS_SEARCH_USER_PATHS = NO;
				CLANG_ANALYZER_NONNULL = YES;
				CLANG_CXX_LANGUAGE_STANDARD = "gnu++0x";
				CLANG_CXX_LIBRARY = "libc++";
				CLANG_ENABLE_MODULES = YES;
				CLANG_ENABLE_OBJC_ARC = YES;
				CLANG_WARN_BOOL_CONVERSION = YES;
				CLANG_WARN_CONSTANT_CONVERSION = YES;
				CLANG_WARN_DIRECT_OBJC_ISA_USAGE = YES_ERROR;
				CLANG_WARN_DOCUMENTATION_COMMENTS = YES;
				CLANG_WARN_EMPTY_BODY = YES;
				CLANG_WARN_ENUM_CONVERSION = YES;
				CLANG_WARN_INFINITE_RECURSION = YES;
				CLANG_WARN_INT_CONVERSION = YES;
				CLANG_WARN_OBJC_ROOT_CLASS = YES_ERROR;
				CLANG_WARN_SUSPICIOUS_MOVE = YES;
				CLANG_WARN_UNREACHABLE_CODE = YES;
				CLANG_WARN__DUPLICATE_METHOD_MATCH = YES;
				"CODE_SIGN_IDENTITY[sdk=iphoneos*]" = "iPhone Developer";
				COPY_PHASE_STRIP = NO;
				DEBUG_INFORMATION_FORMAT = dwarf;
				ENABLE_STRICT_OBJC_MSGSEND = YES;
				ENABLE_TESTABILITY = YES;
				GCC_C_LANGUAGE_STANDARD = gnu99;
				GCC_DYNAMIC_NO_PIC = NO;
				GCC_NO_COMMON_BLOCKS = YES;
				GCC_OPTIMIZATION_LEVEL = 0;
				GCC_PREPROCESSOR_DEFINITIONS = (
					"DEBUG=1",
					"$(inherited)",
				);
				GCC_WARN_64_TO_32_BIT_CONVERSION = YES;
				GCC_WARN_ABOUT_RETURN_TYPE = YES_ERROR;
				GCC_WARN_UNDECLARED_SELECTOR = YES;
				GCC_WARN_UNINITIALIZED_AUTOS = YES_AGGRESSIVE;
				GCC_WARN_UNUSED_FUNCTION = YES;
				GCC_WARN_UNUSED_VARIABLE = YES;
				IPHONEOS_DEPLOYMENT_TARGET = 10.2;
				MTL_ENABLE_DEBUG_INFO = YES;
				ONLY_ACTIVE_ARCH = YES;
				SDKROOT = iphoneos;
				SWIFT_ACTIVE_COMPILATION_CONDITIONS = DEBUG;
				SWIFT_OPTIMIZATION_LEVEL = "-Onone";
			};
			name = Debug;
		};
		B16FFECD1E858AAB00D25F6B /* Release */ = {
			isa = XCBuildConfiguration;
			buildSettings = {
				ALWAYS_SEARCH_USER_PATHS = NO;
				CLANG_ANALYZER_NONNULL = YES;
				CLANG_CXX_LANGUAGE_STANDARD = "gnu++0x";
				CLANG_CXX_LIBRARY = "libc++";
				CLANG_ENABLE_MODULES = YES;
				CLANG_ENABLE_OBJC_ARC = YES;
				CLANG_WARN_BOOL_CONVERSION = YES;
				CLANG_WARN_CONSTANT_CONVERSION = YES;
				CLANG_WARN_DIRECT_OBJC_ISA_USAGE = YES_ERROR;
				CLANG_WARN_DOCUMENTATION_COMMENTS = YES;
				CLANG_WARN_EMPTY_BODY = YES;
				CLANG_WARN_ENUM_CONVERSION = YES;
				CLANG_WARN_INFINITE_RECURSION = YES;
				CLANG_WARN_INT_CONVERSION = YES;
				CLANG_WARN_OBJC_ROOT_CLASS = YES_ERROR;
				CLANG_WARN_SUSPICIOUS_MOVE = YES;
				CLANG_WARN_UNREACHABLE_CODE = YES;
				CLANG_WARN__DUPLICATE_METHOD_MATCH = YES;
				"CODE_SIGN_IDENTITY[sdk=iphoneos*]" = "iPhone Developer";
				COPY_PHASE_STRIP = NO;
				DEBUG_INFORMATION_FORMAT = "dwarf-with-dsym";
				ENABLE_NS_ASSERTIONS = NO;
				ENABLE_STRICT_OBJC_MSGSEND = YES;
				GCC_C_LANGUAGE_STANDARD = gnu99;
				GCC_NO_COMMON_BLOCKS = YES;
				GCC_WARN_64_TO_32_BIT_CONVERSION = YES;
				GCC_WARN_ABOUT_RETURN_TYPE = YES_ERROR;
				GCC_WARN_UNDECLARED_SELECTOR = YES;
				GCC_WARN_UNINITIALIZED_AUTOS = YES_AGGRESSIVE;
				GCC_WARN_UNUSED_FUNCTION = YES;
				GCC_WARN_UNUSED_VARIABLE = YES;
				IPHONEOS_DEPLOYMENT_TARGET = 10.2;
				MTL_ENABLE_DEBUG_INFO = NO;
				SDKROOT = iphoneos;
				SWIFT_OPTIMIZATION_LEVEL = "-Owholemodule";
				VALIDATE_PRODUCT = YES;
			};
			name = Release;
		};
		B16FFECF1E858AAB00D25F6B /* Debug */ = {
			isa = XCBuildConfiguration;
			buildSettings = {
				ASSETCATALOG_COMPILER_APPICON_NAME = AppIcon;
				DEVELOPMENT_TEAM = XN53282Y27;
				INFOPLIST_FILE = Fukadakyoko/Info.plist;
				LD_RUNPATH_SEARCH_PATHS = "$(inherited) @executable_path/Frameworks";
				PRODUCT_BUNDLE_IDENTIFIER = com.example.Fukadakyoko;
				PRODUCT_NAME = "$(TARGET_NAME)";
				SWIFT_VERSION = 3.0;
			};
			name = Debug;
		};
		B16FFED01E858AAB00D25F6B /* Release */ = {
			isa = XCBuildConfiguration;
			buildSettings = {
				ASSETCATALOG_COMPILER_APPICON_NAME = AppIcon;
				DEVELOPMENT_TEAM = XN53282Y27;
				INFOPLIST_FILE = Fukadakyoko/Info.plist;
				LD_RUNPATH_SEARCH_PATHS = "$(inherited) @executable_path/Frameworks";
				PRODUCT_BUNDLE_IDENTIFIER = com.example.Fukadakyoko;
				PRODUCT_NAME = "$(TARGET_NAME)";
				SWIFT_VERSION = 3.0;
			};
			name = Release;
		};
		B16FFED21E858AAB00D25F6B /* Debug */ = {
			isa = XCBuildConfiguration;
			buildSettings = {
				ALWAYS_EMBED_SWIFT_STANDARD_LIBRARIES = YES;
				BUNDLE_LOADER = "$(TEST_HOST)";
				INFOPLIST_FILE = FukadakyokoTests/Info.plist;
				LD_RUNPATH_SEARCH_PATHS = "$(inherited) @executable_path/Frameworks @loader_path/Frameworks";
				PRODUCT_BUNDLE_IDENTIFIER = com.example.FukadakyokoTests;
				PRODUCT_NAME = "$(TARGET_NAME)";
				SWIFT_VERSION = 3.0;
				TEST_HOST = "$(BUILT_PRODUCTS_DIR)/Fukadakyoko.app/Fukadakyoko";
			};
			name = Debug;
		};
		B16FFED31E858AAB00D25F6B /* Release */ = {
			isa = XCBuildConfiguration;
			buildSettings = {
				ALWAYS_EMBED_SWIFT_STANDARD_LIBRARIES = YES;
				BUNDLE_LOADER = "$(TEST_HOST)";
				INFOPLIST_FILE = FukadakyokoTests/Info.plist;
				LD_RUNPATH_SEARCH_PATHS = "$(inherited) @executable_path/Frameworks @loader_path/Frameworks";
				PRODUCT_BUNDLE_IDENTIFIER = com.example.FukadakyokoTests;
				PRODUCT_NAME = "$(TARGET_NAME)";
				SWIFT_VERSION = 3.0;
				TEST_HOST = "$(BUILT_PRODUCTS_DIR)/Fukadakyoko.app/Fukadakyoko";
			};
			name = Release;
		};
		B16FFED51E858AAB00D25F6B /* Debug */ = {
			isa = XCBuildConfiguration;
			buildSettings = {
				ALWAYS_EMBED_SWIFT_STANDARD_LIBRARIES = YES;
				INFOPLIST_FILE = FukadakyokoUITests/Info.plist;
				LD_RUNPATH_SEARCH_PATHS = "$(inherited) @executable_path/Frameworks @loader_path/Frameworks";
				PRODUCT_BUNDLE_IDENTIFIER = com.example.FukadakyokoUITests;
				PRODUCT_NAME = "$(TARGET_NAME)";
				SWIFT_VERSION = 3.0;
				TEST_TARGET_NAME = Fukadakyoko;
			};
			name = Debug;
		};
		B16FFED61E858AAB00D25F6B /* Release */ = {
			isa = XCBuildConfiguration;
			buildSettings = {
				ALWAYS_EMBED_SWIFT_STANDARD_LIBRARIES = YES;
				INFOPLIST_FILE = FukadakyokoUITests/Info.plist;
				LD_RUNPATH_SEARCH_PATHS = "$(inherited) @executable_path/Frameworks @loader_path/Frameworks";
				PRODUCT_BUNDLE_IDENTIFIER = com.example.FukadakyokoUITests;
				PRODUCT_NAME = "$(TARGET_NAME)";
				SWIFT_VERSION = 3.0;
				TEST_TARGET_NAME = Fukadakyoko;
			};
			name = Release;
		};
/* End XCBuildConfiguration section */

/* Begin XCConfigurationList section */
		B16FFEA11E858AAB00D25F6B /* Build configuration list for PBXProject "Fukadakyoko" */ = {
			isa = XCConfigurationList;
			buildConfigurations = (
				B16FFECC1E858AAB00D25F6B /* Debug */,
				B16FFECD1E858AAB00D25F6B /* Release */,
			);
			defaultConfigurationIsVisible = 0;
			defaultConfigurationName = Release;
		};
		B16FFECE1E858AAB00D25F6B /* Build configuration list for PBXNativeTarget "Fukadakyoko" */ = {
			isa = XCConfigurationList;
			buildConfigurations = (
				B16FFECF1E858AAB00D25F6B /* Debug */,
				B16FFED01E858AAB00D25F6B /* Release */,
			);
			defaultConfigurationIsVisible = 0;
		};
		B16FFED11E858AAB00D25F6B /* Build configuration list for PBXNativeTarget "FukadakyokoTests" */ = {
			isa = XCConfigurationList;
			buildConfigurations = (
				B16FFED21E858AAB00D25F6B /* Debug */,
				B16FFED31E858AAB00D25F6B /* Release */,
			);
			defaultConfigurationIsVisible = 0;
		};
		B16FFED41E858AAB00D25F6B /* Build configuration list for PBXNativeTarget "FukadakyokoUITests" */ = {
			isa = XCConfigurationList;
			buildConfigurations = (
				B16FFED51E858AAB00D25F6B /* Debug */,
				B16FFED61E858AAB00D25F6B /* Release */,
			);
			defaultConfigurationIsVisible = 0;
		};
/* End XCConfigurationList section */
	};
	rootObject = B16FFE9E1E858AAB00D25F6B /* Project object */;
}
